
Microsoft Visual Studio Solution File, Format Version 12.00
# Visual Studio Version 17
VisualStudioVersion = 17.0.32014.148
MinimumVisualStudioVersion = 10.0.40219.1
Project("{888888A0-9F3D-457C-B088-3A5042F75D52}") = "Nintendo Tumbler Puzzle Reinforcement Learning", "Nintendo Tumbler Puzzle Reinforcement Learning\Nintendo Tumbler Puzzle Reinforcement Learning.pyproj", "{9026DCCD-7CA4-4653-8C68-CF27D0F909EB}"
EndProject
Global
	GlobalSection(SolutionConfigurationPlatforms) = preSolution
		Debug|Any CPU = Debug|Any CPU
		Release|Any CPU = Release|Any CPU
	EndGlobalSection
	GlobalSection(ProjectConfigurationPlatforms) = postSolution
		{9026DCCD-7CA4-4653-8C68-CF27D0F909EB}.Debug|Any CPU.ActiveCfg = Debug|Any CPU
		{9026DCCD-7CA4-4653-8C68-CF27D0F909EB}.Release|Any CPU.ActiveCfg = Release|Any CPU
	EndGlobalSection
	GlobalSection(SolutionProperties) = preSolution
		HideSolutionNode = FALSE
	EndGlobalSection
	GlobalSection(ExtensibilityGlobals) = postSolution
		SolutionGuid = {102401BA-604C-415A-9597-7E8396F7D301}
	EndGlobalSection
EndGlobal
